
Microsoft Visual Studio Solution File, Format Version 12.00
# Visual Studio Version 17
VisualStudioVersion = 17.9.34728.123
MinimumVisualStudioVersion = 10.0.40219.1
Project("{FAE04EC0-301F-11D3-BF4B-00C04F79EFBC}") = "DMusicBot", "DMusicBot.csproj", "{C07FE680-8BE7-4955-8D45-2C755B8A2C48}"
EndProject
Global
	GlobalSection(SolutionConfigurationPlatforms) = preSolution
		Debug|Any CPU = Debug|Any CPU
		Release|Any CPU = Release|Any CPU
	EndGlobalSection
	GlobalSection(ProjectConfigurationPlatforms) = postSolution
		{C07FE680-8BE7-4955-8D45-2C755B8A2C48}.Debug|Any CPU.ActiveCfg = Debug|Any CPU
		{C07FE680-8BE7-4955-8D45-2C755B8A2C48}.Debug|Any CPU.Build.0 = Debug|Any CPU
		{C07FE680-8BE7-4955-8D45-2C755B8A2C48}.Release|Any CPU.ActiveCfg = Release|Any CPU
		{C07FE680-8BE7-4955-8D45-2C755B8A2C48}.Release|Any CPU.Build.0 = Release|Any CPU
	EndGlobalSection
	GlobalSection(SolutionProperties) = preSolution
		HideSolutionNode = FALSE
	EndGlobalSection
	GlobalSection(ExtensibilityGlobals) = postSolution
		SolutionGuid = {E9DE4500-603B-482C-95B6-FCDDAF1C8E08}
	EndGlobalSection
EndGlobal
